
Microsoft Visual Studio Solution File, Format Version 12.00
# Visual Studio Version 17
VisualStudioVersion = 17.11.35222.181
MinimumVisualStudioVersion = 10.0.40219.1
Project("{FAE04EC0-301F-11D3-BF4B-00C04F79EFBC}") = "Character_search", "Character_search\Character_search.csproj", "{49D667ED-2B9A-4DE1-854B-2432F721FF44}"
EndProject
Global
	GlobalSection(SolutionConfigurationPlatforms) = preSolution
		Debug|Any CPU = Debug|Any CPU
		Release|Any CPU = Release|Any CPU
	EndGlobalSection
	GlobalSection(ProjectConfigurationPlatforms) = postSolution
		{49D667ED-2B9A-4DE1-854B-2432F721FF44}.Debug|Any CPU.ActiveCfg = Debug|Any CPU
		{49D667ED-2B9A-4DE1-854B-2432F721FF44}.Debug|Any CPU.Build.0 = Debug|Any CPU
		{49D667ED-2B9A-4DE1-854B-2432F721FF44}.Release|Any CPU.ActiveCfg = Release|Any CPU
		{49D667ED-2B9A-4DE1-854B-2432F721FF44}.Release|Any CPU.Build.0 = Release|Any CPU
	EndGlobalSection
	GlobalSection(SolutionProperties) = preSolution
		HideSolutionNode = FALSE
	EndGlobalSection
	GlobalSection(ExtensibilityGlobals) = postSolution
		SolutionGuid = {FDBA6E24-90BD-4D2E-ABFC-04F3AF6D69E1}
	EndGlobalSection
EndGlobal
